// !$*UTF8*$!
{
	archiveVersion = 1;
	classes = {
	};
	objectVersion = 50;
	objects = {

/* Begin PBXBuildFile section */
		FCADBB0020FE2E23002056F0 /* AppDelegate.swift in Sources */ = {isa = PBXBuildFile; fileRef = FCADBAFF20FE2E23002056F0 /* AppDelegate.swift */; };
		FCADBB0220FE2E23002056F0 /* ViewController.swift in Sources */ = {isa = PBXBuildFile; fileRef = FCADBB0120FE2E23002056F0 /* ViewController.swift */; };
		FCADBB0520FE2E23002056F0 /* Main.storyboard in Resources */ = {isa = PBXBuildFile; fileRef = FCADBB0320FE2E23002056F0 /* Main.storyboard */; };
		FCADBB0720FE2E26002056F0 /* Assets.xcassets in Resources */ = {isa = PBXBuildFile; fileRef = FCADBB0620FE2E26002056F0 /* Assets.xcassets */; };
		FCADBB0A20FE2E26002056F0 /* LaunchScreen.storyboard in Resources */ = {isa = PBXBuildFile; fileRef = FCADBB0820FE2E26002056F0 /* LaunchScreen.storyboard */; };
		FCADBB1320FE2E6A002056F0 /* GooeyEffectView.swift in Sources */ = {isa = PBXBuildFile; fileRef = FCADBB1220FE2E6A002056F0 /* GooeyEffectView.swift */; };
		FCADBB1720FE2EE2002056F0 /* Extensions.swift in Sources */ = {isa = PBXBuildFile; fileRef = FCADBB1620FE2EE2002056F0 /* Extensions.swift */; };
		FCADBB1920FE333E002056F0 /* GooeyMovementShower.swift in Sources */ = {isa = PBXBuildFile; fileRef = FCADBB1820FE333E002056F0 /* GooeyMovementShower.swift */; };
/* End PBXBuildFile section */

/* Begin PBXFileReference section */
		FCADBAFC20FE2E23002056F0 /* GooeyEffectSampleDEMO.app */ = {isa = PBXFileReference; explicitFileType = wrapper.application; includeInIndex = 0; path = GooeyEffectSampleDEMO.app; sourceTree = BUILT_PRODUCTS_DIR; };
		FCADBAFF20FE2E23002056F0 /* AppDelegate.swift */ = {isa = PBXFileReference; lastKnownFileType = sourcecode.swift; path = AppDelegate.swift; sourceTree = "<group>"; };
		FCADBB0120FE2E23002056F0 /* ViewController.swift */ = {isa = PBXFileReference; lastKnownFileType = sourcecode.swift; path = ViewController.swift; sourceTree = "<group>"; };
		FCADBB0420FE2E23002056F0 /* Base */ = {isa = PBXFileReference; lastKnownFileType = file.storyboard; name = Base; path = Base.lproj/Main.storyboard; sourceTree = "<group>"; };
		FCADBB0620FE2E26002056F0 /* Assets.xcassets */ = {isa = PBXFileReference; lastKnownFileType = folder.assetcatalog; path = Assets.xcassets; sourceTree = "<group>"; };
		FCADBB0920FE2E26002056F0 /* Base */ = {isa = PBXFileReference; lastKnownFileType = file.storyboard; name = Base; path = Base.lproj/LaunchScreen.storyboard; sourceTree = "<group>"; };
		FCADBB0B20FE2E26002056F0 /* Info.plist */ = {isa = PBXFileReference; lastKnownFileType = text.plist.xml; path = Info.plist; sourceTree = "<group>"; };
		FCADBB1220FE2E6A002056F0 /* GooeyEffectView.swift */ = {isa = PBXFileReference; fileEncoding = 4; lastKnownFileType = sourcecode.swift; path = GooeyEffectView.swift; sourceTree = "<group>"; };
		FCADBB1620FE2EE2002056F0 /* Extensions.swift */ = {isa = PBXFileReference; lastKnownFileType = sourcecode.swift; path = Extensions.swift; sourceTree = "<group>"; };
		FCADBB1820FE333E002056F0 /* GooeyMovementShower.swift */ = {isa = PBXFileReference; lastKnownFileType = sourcecode.swift; path = GooeyMovementShower.swift; sourceTree = "<group>"; };
/* End PBXFileReference section */

/* Begin PBXFrameworksBuildPhase section */
		FCADBAF920FE2E23002056F0 /* Frameworks */ = {
			isa = PBXFrameworksBuildPhase;
			buildActionMask = 2147483647;
			files = (
			);
			runOnlyForDeploymentPostprocessing = 0;
		};
/* End PBXFrameworksBuildPhase section */

/* Begin PBXGroup section */
		FCADBAF320FE2E23002056F0 = {
			isa = PBXGroup;
			children = (
				FCADBAFE20FE2E23002056F0 /* GooeyEffectSampleDEMO */,
				FCADBAFD20FE2E23002056F0 /* Products */,
			);
			sourceTree = "<group>";
		};
		FCADBAFD20FE2E23002056F0 /* Products */ = {
			isa = PBXGroup;
			children = (
				FCADBAFC20FE2E23002056F0 /* GooeyEffectSampleDEMO.app */,
			);
			name = Products;
			sourceTree = "<group>";
		};
		FCADBAFE20FE2E23002056F0 /* GooeyEffectSampleDEMO */ = {
			isa = PBXGroup;
			children = (
				FCADBB1120FE2E33002056F0 /* GooeyEffect */,
				FCADBAFF20FE2E23002056F0 /* AppDelegate.swift */,
				FCADBB0120FE2E23002056F0 /* ViewController.swift */,
				FCADBB0320FE2E23002056F0 /* Main.storyboard */,
				FCADBB0620FE2E26002056F0 /* Assets.xcassets */,
				FCADBB0820FE2E26002056F0 /* LaunchScreen.storyboard */,
				FCADBB0B20FE2E26002056F0 /* Info.plist */,
				FCADBB1620FE2EE2002056F0 /* Extensions.swift */,
			);
			path = GooeyEffectSampleDEMO;
			sourceTree = "<group>";
		};
		FCADBB1120FE2E33002056F0 /* GooeyEffect */ = {
			isa = PBXGroup;
			children = (
				FCADBB1220FE2E6A002056F0 /* GooeyEffectView.swift */,
				FCADBB1820FE333E002056F0 /* GooeyMovementShower.swift */,
			);
			path = GooeyEffect;
			sourceTree = "<group>";
		};
/* End PBXGroup section */

/* Begin PBXNativeTarget section */
		FCADBAFB20FE2E23002056F0 /* GooeyEffectSampleDEMO */ = {
			isa = PBXNativeTarget;
			buildConfigurationList = FCADBB0E20FE2E26002056F0 /* Build configuration list for PBXNativeTarget "GooeyEffectSampleDEMO" */;
			buildPhases = (
				FCADBAF820FE2E23002056F0 /* Sources */,
				FCADBAF920FE2E23002056F0 /* Frameworks */,
				FCADBAFA20FE2E23002056F0 /* Resources */,
			);
			buildRules = (
			);
			dependencies = (
			);
			name = GooeyEffectSampleDEMO;
			productName = GooeyEffectSampleDEMO;
			productReference = FCADBAFC20FE2E23002056F0 /* GooeyEffectSampleDEMO.app */;
			productType = "com.apple.product-type.application";
		};
/* End PBXNativeTarget section */

/* Begin PBXProject section */
		FCADBAF420FE2E23002056F0 /* Project object */ = {
			isa = PBXProject;
			attributes = {
				LastSwiftUpdateCheck = 0940;
				LastUpgradeCheck = 0940;
				ORGANIZATIONNAME = "Anton Nechayuk";
				TargetAttributes = {
					FCADBAFB20FE2E23002056F0 = {
						CreatedOnToolsVersion = 9.4.1;
					};
				};
			};
			buildConfigurationList = FCADBAF720FE2E23002056F0 /* Build configuration list for PBXProject "GooeyEffectSampleDEMO" */;
			compatibilityVersion = "Xcode 9.3";
			developmentRegion = en;
			hasScannedForEncodings = 0;
			knownRegions = (
				en,
				Base,
			);
			mainGroup = FCADBAF320FE2E23002056F0;
			productRefGroup = FCADBAFD20FE2E23002056F0 /* Products */;
			projectDirPath = "";
			projectRoot = "";
			targets = (
				FCADBAFB20FE2E23002056F0 /* GooeyEffectSampleDEMO */,
			);
		};
/* End PBXProject section */

/* Begin PBXResourcesBuildPhase section */
		FCADBAFA20FE2E23002056F0 /* Resources */ = {
			isa = PBXResourcesBuildPhase;
			buildActionMask = 2147483647;
			files = (
				FCADBB0A20FE2E26002056F0 /* LaunchScreen.storyboard in Resources */,
				FCADBB0720FE2E26002056F0 /* Assets.xcassets in Resources */,
				FCADBB0520FE2E23002056F0 /* Main.storyboard in Resources */,
			);
			runOnlyForDeploymentPostprocessing = 0;
		};
/* End PBXResourcesBuildPhase section */

/* Begin PBXSourcesBuildPhase section */
		FCADBAF820FE2E23002056F0 /* Sources */ = {
			isa = PBXSourcesBuildPhase;
			buildActionMask = 2147483647;
			files = (
				FCADBB1920FE333E002056F0 /* GooeyMovementShower.swift in Sources */,
				FCADBB1720FE2EE2002056F0 /* Extensions.swift in Sources */,
				FCADBB0220FE2E23002056F0 /* ViewController.swift in Sources */,
				FCADBB1320FE2E6A002056F0 /* GooeyEffectView.swift in Sources */,
				FCADBB0020FE2E23002056F0 /* AppDelegate.swift in Sources */,
			);
			runOnlyForDeploymentPostprocessing = 0;
		};
/* End PBXSourcesBuildPhase section */

/* Begin PBXVariantGroup section */
		FCADBB0320FE2E23002056F0 /* Main.storyboard */ = {
			isa = PBXVariantGroup;
			children = (
				FCADBB0420FE2E23002056F0 /* Base */,
			);
			name = Main.storyboard;
			sourceTree = "<group>";
		};
		FCADBB0820FE2E26002056F0 /* LaunchScreen.storyboard */ = {
			isa = PBXVariantGroup;
			children = (
				FCADBB0920FE2E26002056F0 /* Base */,
			);
			name = LaunchScreen.storyboard;
			sourceTree = "<group>";
		};
/* End PBXVariantGroup section */

/* Begin XCBuildConfiguration section */
		FCADBB0C20FE2E26002056F0 /* Debug */ = {
			isa = XCBuildConfiguration;
			buildSettings = {
				ALWAYS_SEARCH_USER_PATHS = NO;
				CLANG_ANALYZER_NONNULL = YES;
				CLANG_ANALYZER_NUMBER_OBJECT_CONVERSION = YES_AGGRESSIVE;
				CLANG_CXX_LANGUAGE_STANDARD = "gnu++14";
				CLANG_CXX_LIBRARY = "libc++";
				CLANG_ENABLE_MODULES = YES;
				CLANG_ENABLE_OBJC_ARC = YES;
				CLANG_ENABLE_OBJC_WEAK = YES;
				CLANG_WARN_BLOCK_CAPTURE_AUTORELEASING = YES;
				CLANG_WARN_BOOL_CONVERSION = YES;
				CLANG_WARN_COMMA = YES;
				CLANG_WARN_CONSTANT_CONVERSION = YES;
				CLANG_WARN_DEPRECATED_OBJC_IMPLEMENTATIONS = YES;
				CLANG_WARN_DIRECT_OBJC_ISA_USAGE = YES_ERROR;
				CLANG_WARN_DOCUMENTATION_COMMENTS = YES;
				CLANG_WARN_EMPTY_BODY = YES;
				CLANG_WARN_ENUM_CONVERSION = YES;
				CLANG_WARN_INFINITE_RECURSION = YES;
				CLANG_WARN_INT_CONVERSION = YES;
				CLANG_WARN_NON_LITERAL_NULL_CONVERSION = YES;
				CLANG_WARN_OBJC_IMPLICIT_RETAIN_SELF = YES;
				CLANG_WARN_OBJC_LITERAL_CONVERSION = YES;
				CLANG_WARN_OBJC_ROOT_CLASS = YES_ERROR;
				CLANG_WARN_RANGE_LOOP_ANALYSIS = YES;
				CLANG_WARN_STRICT_PROTOTYPES = YES;
				CLANG_WARN_SUSPICIOUS_MOVE = YES;
				CLANG_WARN_UNGUARDED_AVAILABILITY = YES_AGGRESSIVE;
				CLANG_WARN_UNREACHABLE_CODE = YES;
				CLANG_WARN__DUPLICATE_METHOD_MATCH = YES;
				CODE_SIGN_IDENTITY = "iPhone Developer";
				COPY_PHASE_STRIP = NO;
				DEBUG_INFORMATION_FORMAT = dwarf;
				ENABLE_STRICT_OBJC_MSGSEND = YES;
				ENABLE_TESTABILITY = YES;
				GCC_C_LANGUAGE_STANDARD = gnu11;
				GCC_DYNAMIC_NO_PIC = NO;
				GCC_NO_COMMON_BLOCKS = YES;
				GCC_OPTIMIZATION_LEVEL = 0;
				GCC_PREPROCESSOR_DEFINITIONS = (
					"DEBUG=1",
					"$(inherited)",
				);
				GCC_WARN_64_TO_32_BIT_CONVERSION = YES;
				GCC_WARN_ABOUT_RETURN_TYPE = YES_ERROR;
				GCC_WARN_UNDECLARED_SELECTOR = YES;
				GCC_WARN_UNINITIALIZED_AUTOS = YES_AGGRESSIVE;
				GCC_WARN_UNUSED_FUNCTION = YES;
				GCC_WARN_UNUSED_VARIABLE = YES;
				IPHONEOS_DEPLOYMENT_TARGET = 12.0;
				MTL_ENABLE_DEBUG_INFO = YES;
				ONLY_ACTIVE_ARCH = YES;
				SDKROOT = iphoneos;
				SWIFT_ACTIVE_COMPILATION_CONDITIONS = DEBUG;
				SWIFT_OPTIMIZATION_LEVEL = "-Onone";
			};
			name = Debug;
		};
		FCADBB0D20FE2E26002056F0 /* Release */ = {
			isa = XCBuildConfiguration;
			buildSettings = {
				ALWAYS_SEARCH_USER_PATHS = NO;
				CLANG_ANALYZER_NONNULL = YES;
				CLANG_ANALYZER_NUMBER_OBJECT_CONVERSION = YES_AGGRESSIVE;
				CLANG_CXX_LANGUAGE_STANDARD = "gnu++14";
				CLANG_CXX_LIBRARY = "libc++";
				CLANG_ENABLE_MODULES = YES;
				CLANG_ENABLE_OBJC_ARC = YES;
				CLANG_ENABLE_OBJC_WEAK = YES;
				CLANG_WARN_BLOCK_CAPTURE_AUTORELEASING = YES;
				CLANG_WARN_BOOL_CONVERSION = YES;
				CLANG_WARN_COMMA = YES;
				CLANG_WARN_CONSTANT_CONVERSION = YES;
				CLANG_WARN_DEPRECATED_OBJC_IMPLEMENTATIONS = YES;
				CLANG_WARN_DIRECT_OBJC_ISA_USAGE = YES_ERROR;
				CLANG_WARN_DOCUMENTATION_COMMENTS = YES;
				CLANG_WARN_EMPTY_BODY = YES;
				CLANG_WARN_ENUM_CONVERSION = YES;
				CLANG_WARN_INFINITE_RECURSION = YES;
				CLANG_WARN_INT_CONVERSION = YES;
				CLANG_WARN_NON_LITERAL_NULL_CONVERSION = YES;
				CLANG_WARN_OBJC_IMPLICIT_RETAIN_SELF = YES;
				CLANG_WARN_OBJC_LITERAL_CONVERSION = YES;
				CLANG_WARN_OBJC_ROOT_CLASS = YES_ERROR;
				CLANG_WARN_RANGE_LOOP_ANALYSIS = YES;
				CLANG_WARN_STRICT_PROTOTYPES = YES;
				CLANG_WARN_SUSPICIOUS_MOVE = YES;
				CLANG_WARN_UNGUARDED_AVAILABILITY = YES_AGGRESSIVE;
				CLANG_WARN_UNREACHABLE_CODE = YES;
				CLANG_WARN__DUPLICATE_METHOD_MATCH = YES;
				CODE_SIGN_IDENTITY = "iPhone Developer";
				COPY_PHASE_STRIP = NO;
				DEBUG_INFORMATION_FORMAT = "dwarf-with-dsym";
				ENABLE_NS_ASSERTIONS = NO;
				ENABLE_STRICT_OBJC_MSGSEND = YES;
				GCC_C_LANGUAGE_STANDARD = gnu11;
				GCC_NO_COMMON_BLOCKS = YES;
				GCC_WARN_64_TO_32_BIT_CONVERSION = YES;
				GCC_WARN_ABOUT_RETURN_TYPE = YES_ERROR;
				GCC_WARN_UNDECLARED_SELECTOR = YES;
				GCC_WARN_UNINITIALIZED_AUTOS = YES_AGGRESSIVE;
				GCC_WARN_UNUSED_FUNCTION = YES;
				GCC_WARN_UNUSED_VARIABLE = YES;
				IPHONEOS_DEPLOYMENT_TARGET = 12.0;
				MTL_ENABLE_DEBUG_INFO = NO;
				SDKROOT = iphoneos;
				SWIFT_COMPILATION_MODE = wholemodule;
				SWIFT_OPTIMIZATION_LEVEL = "-O";
				VALIDATE_PRODUCT = YES;
			};
			name = Release;
		};
		FCADBB0F20FE2E26002056F0 /* Debug */ = {
			isa = XCBuildConfiguration;
			buildSettings = {
				ASSETCATALOG_COMPILER_APPICON_NAME = AppIcon;
				CODE_SIGN_STYLE = Automatic;
				DEVELOPMENT_TEAM = "";
				INFOPLIST_FILE = GooeyEffectSampleDEMO/Info.plist;
				IPHONEOS_DEPLOYMENT_TARGET = 10.3;
				LD_RUNPATH_SEARCH_PATHS = (
					"$(inherited)",
					"@executable_path/Frameworks",
				);
				PRODUCT_BUNDLE_IDENTIFIER = myoda.GooeyEffectSampleDEMO;
				PRODUCT_NAME = "$(TARGET_NAME)";
				SWIFT_VERSION = 4.0;
				TARGETED_DEVICE_FAMILY = "1,2";
			};
			name = Debug;
		};
		FCADBB1020FE2E26002056F0 /* Release */ = {
			isa = XCBuildConfiguration;
			buildSettings = {
				ASSETCATALOG_COMPILER_APPICON_NAME = AppIcon;
				CODE_SIGN_STYLE = Automatic;
				DEVELOPMENT_TEAM = "";
				INFOPLIST_FILE = GooeyEffectSampleDEMO/Info.plist;
				IPHONEOS_DEPLOYMENT_TARGET = 10.3;
				LD_RUNPATH_SEARCH_PATHS = (
					"$(inherited)",
					"@executable_path/Frameworks",
				);
				PRODUCT_BUNDLE_IDENTIFIER = myoda.GooeyEffectSampleDEMO;
				PRODUCT_NAME = "$(TARGET_NAME)";
				SWIFT_VERSION = 4.0;
				TARGETED_DEVICE_FAMILY = "1,2";
			};
			name = Release;
		};
/* End XCBuildConfiguration section */

/* Begin XCConfigurationList section */
		FCADBAF720FE2E23002056F0 /* Build configuration list for PBXProject "GooeyEffectSampleDEMO" */ = {
			isa = XCConfigurationList;
			buildConfigurations = (
				FCADBB0C20FE2E26002056F0 /* Debug */,
				FCADBB0D20FE2E26002056F0 /* Release */,
			);
			defaultConfigurationIsVisible = 0;
			defaultConfigurationName = Release;
		};
		FCADBB0E20FE2E26002056F0 /* Build configuration list for PBXNativeTarget "GooeyEffectSampleDEMO" */ = {
			isa = XCConfigurationList;
			buildConfigurations = (
				FCADBB0F20FE2E26002056F0 /* Debug */,
				FCADBB1020FE2E26002056F0 /* Release */,
			);
			defaultConfigurationIsVisible = 0;
			defaultConfigurationName = Release;
		};
/* End XCConfigurationList section */
	};
	rootObject = FCADBAF420FE2E23002056F0 /* Project object */;
}
